// !$*UTF8*$!
{
	archiveVersion = 1;
	classes = {
	};
	objectVersion = 77;
	objects = {

/* Begin PBXContainerItemProxy section */
		B95923D62E477BE000A00B07 /* PBXContainerItemProxy */ = {
			isa = PBXContainerItemProxy;
			containerPortal = B95923C02E477BDB00A00B07 /* Project object */;
			proxyType = 1;
			remoteGlobalIDString = B95923C72E477BDB00A00B07;
			remoteInfo = zentoFinApp;
		};
		B95923E02E477BE000A00B07 /* PBXContainerItemProxy */ = {
			isa = PBXContainerItemProxy;
			containerPortal = B95923C02E477BDB00A00B07 /* Project object */;
			proxyType = 1;
			remoteGlobalIDString = B95923C72E477BDB00A00B07;
			remoteInfo = zentoFinApp;
		};
/* End PBXContainerItemProxy section */

/* Begin PBXFileReference section */
		B95923C82E477BDB00A00B07 /* zentoFinApp.app */ = {isa = PBXFileReference; explicitFileType = wrapper.application; includeInIndex = 0; path = zentoFinApp.app; sourceTree = BUILT_PRODUCTS_DIR; };
		B95923D52E477BE000A00B07 /* zentoFinAppTests.xctest */ = {isa = PBXFileReference; explicitFileType = wrapper.cfbundle; includeInIndex = 0; path = zentoFinAppTests.xctest; sourceTree = BUILT_PRODUCTS_DIR; };
		B95923DF2E477BE000A00B07 /* zentoFinAppUITests.xctest */ = {isa = PBXFileReference; explicitFileType = wrapper.cfbundle; includeInIndex = 0; path = zentoFinAppUITests.xctest; sourceTree = BUILT_PRODUCTS_DIR; };
/* End PBXFileReference section */

/* Begin PBXFileSystemSynchronizedRootGroup section */
		B95923CA2E477BDB00A00B07 /* zentoFinApp */ = {
			isa = PBXFileSystemSynchronizedRootGroup;
			path = zentoFinApp;
			sourceTree = "<group>";
		};
		B95923D82E477BE000A00B07 /* zentoFinAppTests */ = {
			isa = PBXFileSystemSynchronizedRootGroup;
			path = zentoFinAppTests;
			sourceTree = "<group>";
		};
		B95923E22E477BE000A00B07 /* zentoFinAppUITests */ = {
			isa = PBXFileSystemSynchronizedRootGroup;
			path = zentoFinAppUITests;
			sourceTree = "<group>";
		};
/* End PBXFileSystemSynchronizedRootGroup section */

/* Begin PBXFrameworksBuildPhase section */
		B95923C52E477BDB00A00B07 /* Frameworks */ = {
			isa = PBXFrameworksBuildPhase;
			buildActionMask = 2147483647;
			files = (
			);
			runOnlyForDeploymentPostprocessing = 0;
		};
		B95923D22E477BE000A00B07 /* Frameworks */ = {
			isa = PBXFrameworksBuildPhase;
			buildActionMask = 2147483647;
			files = (
			);
			runOnlyForDeploymentPostprocessing = 0;
		};
		B95923DC2E477BE000A00B07 /* Frameworks */ = {
			isa = PBXFrameworksBuildPhase;
			buildActionMask = 2147483647;
			files = (
			);
			runOnlyForDeploymentPostprocessing = 0;
		};
/* End PBXFrameworksBuildPhase section */

/* Begin PBXGroup section */
		B95923BF2E477BDB00A00B07 = {
			isa = PBXGroup;
			children = (
				B95923CA2E477BDB00A00B07 /* zentoFinApp */,
				B95923D82E477BE000A00B07 /* zentoFinAppTests */,
				B95923E22E477BE000A00B07 /* zentoFinAppUITests */,
				B95923C92E477BDB00A00B07 /* Products */,
			);
			sourceTree = "<group>";
		};
		B95923C92E477BDB00A00B07 /* Products */ = {
			isa = PBXGroup;
			children = (
				B95923C82E477BDB00A00B07 /* zentoFinApp.app */,
				B95923D52E477BE000A00B07 /* zentoFinAppTests.xctest */,
				B95923DF2E477BE000A00B07 /* zentoFinAppUITests.xctest */,
			);
			name = Products;
			sourceTree = "<group>";
		};
/* End PBXGroup section */

/* Begin PBXNativeTarget section */
		B95923C72E477BDB00A00B07 /* zentoFinApp */ = {
			isa = PBXNativeTarget;
			buildConfigurationList = B95923E92E477BE000A00B07 /* Build configuration list for PBXNativeTarget "zentoFinApp" */;
			buildPhases = (
				B95923C42E477BDB00A00B07 /* Sources */,
				B95923C52E477BDB00A00B07 /* Frameworks */,
				B95923C62E477BDB00A00B07 /* Resources */,
			);
			buildRules = (
			);
			dependencies = (
			);
			fileSystemSynchronizedGroups = (
				B95923CA2E477BDB00A00B07 /* zentoFinApp */,
			);
			name = zentoFinApp;
			packageProductDependencies = (
			);
			productName = zentoFinApp;
			productReference = B95923C82E477BDB00A00B07 /* zentoFinApp.app */;
			productType = "com.apple.product-type.application";
		};
		B95923D42E477BE000A00B07 /* zentoFinAppTests */ = {
			isa = PBXNativeTarget;
			buildConfigurationList = B95923EC2E477BE000A00B07 /* Build configuration list for PBXNativeTarget "zentoFinAppTests" */;
			buildPhases = (
				B95923D12E477BE000A00B07 /* Sources */,
				B95923D22E477BE000A00B07 /* Frameworks */,
				B95923D32E477BE000A00B07 /* Resources */,
			);
			buildRules = (
			);
			dependencies = (
				B95923D72E477BE000A00B07 /* PBXTargetDependency */,
			);
			fileSystemSynchronizedGroups = (
				B95923D82E477BE000A00B07 /* zentoFinAppTests */,
			);
			name = zentoFinAppTests;
			packageProductDependencies = (
			);
			productName = zentoFinAppTests;
			productReference = B95923D52E477BE000A00B07 /* zentoFinAppTests.xctest */;
			productType = "com.apple.product-type.bundle.unit-test";
		};
		B95923DE2E477BE000A00B07 /* zentoFinAppUITests */ = {
			isa = PBXNativeTarget;
			buildConfigurationList = B95923EF2E477BE000A00B07 /* Build configuration list for PBXNativeTarget "zentoFinAppUITests" */;
			buildPhases = (
				B95923DB2E477BE000A00B07 /* Sources */,
				B95923DC2E477BE000A00B07 /* Frameworks */,
				B95923DD2E477BE000A00B07 /* Resources */,
			);
			buildRules = (
			);
			dependencies = (
				B95923E12E477BE000A00B07 /* PBXTargetDependency */,
			);
			fileSystemSynchronizedGroups = (
				B95923E22E477BE000A00B07 /* zentoFinAppUITests */,
			);
			name = zentoFinAppUITests;
			packageProductDependencies = (
			);
			productName = zentoFinAppUITests;
			productReference = B95923DF2E477BE000A00B07 /* zentoFinAppUITests.xctest */;
			productType = "com.apple.product-type.bundle.ui-testing";
		};
/* End PBXNativeTarget section */

/* Begin PBXProject section */
		B95923C02E477BDB00A00B07 /* Project object */ = {
			isa = PBXProject;
			attributes = {
				BuildIndependentTargetsInParallel = 1;
				LastSwiftUpdateCheck = 1640;
				LastUpgradeCheck = 1640;
				TargetAttributes = {
					B95923C72E477BDB00A00B07 = {
						CreatedOnToolsVersion = 16.4;
					};
					B95923D42E477BE000A00B07 = {
						CreatedOnToolsVersion = 16.4;
						TestTargetID = B95923C72E477BDB00A00B07;
					};
					B95923DE2E477BE000A00B07 = {
						CreatedOnToolsVersion = 16.4;
						TestTargetID = B95923C72E477BDB00A00B07;
					};
				};
			};
			buildConfigurationList = B95923C32E477BDB00A00B07 /* Build configuration list for PBXProject "zentoFinApp" */;
			developmentRegion = en;
			hasScannedForEncodings = 0;
			knownRegions = (
				en,
				Base,
			);
			mainGroup = B95923BF2E477BDB00A00B07;
			minimizedProjectReferenceProxies = 1;
			preferredProjectObjectVersion = 77;
			productRefGroup = B95923C92E477BDB00A00B07 /* Products */;
			projectDirPath = "";
			projectRoot = "";
			targets = (
				B95923C72E477BDB00A00B07 /* zentoFinApp */,
				B95923D42E477BE000A00B07 /* zentoFinAppTests */,
				B95923DE2E477BE000A00B07 /* zentoFinAppUITests */,
			);
		};
/* End PBXProject section */

/* Begin PBXResourcesBuildPhase section */
		B95923C62E477BDB00A00B07 /* Resources */ = {
			isa = PBXResourcesBuildPhase;
			buildActionMask = 2147483647;
			files = (
			);
			runOnlyForDeploymentPostprocessing = 0;
		};
		B95923D32E477BE000A00B07 /* Resources */ = {
			isa = PBXResourcesBuildPhase;
			buildActionMask = 2147483647;
			files = (
			);
			runOnlyForDeploymentPostprocessing = 0;
		};
		B95923DD2E477BE000A00B07 /* Resources */ = {
			isa = PBXResourcesBuildPhase;
			buildActionMask = 2147483647;
			files = (
			);
			runOnlyForDeploymentPostprocessing = 0;
		};
/* End PBXResourcesBuildPhase section */

/* Begin PBXSourcesBuildPhase section */
		B95923C42E477BDB00A00B07 /* Sources */ = {
			isa = PBXSourcesBuildPhase;
			buildActionMask = 2147483647;
			files = (
			);
			runOnlyForDeploymentPostprocessing = 0;
		};
		B95923D12E477BE000A00B07 /* Sources */ = {
			isa = PBXSourcesBuildPhase;
			buildActionMask = 2147483647;
			files = (
			);
			runOnlyForDeploymentPostprocessing = 0;
		};
		B95923DB2E477BE000A00B07 /* Sources */ = {
			isa = PBXSourcesBuildPhase;
			buildActionMask = 2147483647;
			files = (
			);
			runOnlyForDeploymentPostprocessing = 0;
		};
/* End PBXSourcesBuildPhase section */

/* Begin PBXTargetDependency section */
		B95923D72E477BE000A00B07 /* PBXTargetDependency */ = {
			isa = PBXTargetDependency;
			target = B95923C72E477BDB00A00B07 /* zentoFinApp */;
			targetProxy = B95923D62E477BE000A00B07 /* PBXContainerItemProxy */;
		};
		B95923E12E477BE000A00B07 /* PBXTargetDependency */ = {
			isa = PBXTargetDependency;
			target = B95923C72E477BDB00A00B07 /* zentoFinApp */;
			targetProxy = B95923E02E477BE000A00B07 /* PBXContainerItemProxy */;
		};
/* End PBXTargetDependency section */

/* Begin XCBuildConfiguration section */
		B95923E72E477BE000A00B07 /* Debug */ = {
			isa = XCBuildConfiguration;
			buildSettings = {
				ALWAYS_SEARCH_USER_PATHS = NO;
				ASSETCATALOG_COMPILER_GENERATE_SWIFT_ASSET_SYMBOL_EXTENSIONS = YES;
				CLANG_ANALYZER_NONNULL = YES;
				CLANG_ANALYZER_NUMBER_OBJECT_CONVERSION = YES_AGGRESSIVE;
				CLANG_CXX_LANGUAGE_STANDARD = "gnu++20";
				CLANG_ENABLE_MODULES = YES;
				CLANG_ENABLE_OBJC_ARC = YES;
				CLANG_ENABLE_OBJC_WEAK = YES;
				CLANG_WARN_BLOCK_CAPTURE_AUTORELEASING = YES;
				CLANG_WARN_BOOL_CONVERSION = YES;
				CLANG_WARN_COMMA = YES;
				CLANG_WARN_CONSTANT_CONVERSION = YES;
				CLANG_WARN_DEPRECATED_OBJC_IMPLEMENTATIONS = YES;
				CLANG_WARN_DIRECT_OBJC_ISA_USAGE = YES_ERROR;
				CLANG_WARN_DOCUMENTATION_COMMENTS = YES;
				CLANG_WARN_EMPTY_BODY = YES;
				CLANG_WARN_ENUM_CONVERSION = YES;
				CLANG_WARN_INFINITE_RECURSION = YES;
				CLANG_WARN_INT_CONVERSION = YES;
				CLANG_WARN_NON_LITERAL_NULL_CONVERSION = YES;
				CLANG_WARN_OBJC_IMPLICIT_RETAIN_SELF = YES;
				CLANG_WARN_OBJC_LITERAL_CONVERSION = YES;
				CLANG_WARN_OBJC_ROOT_CLASS = YES_ERROR;
				CLANG_WARN_QUOTED_INCLUDE_IN_FRAMEWORK_HEADER = YES;
				CLANG_WARN_RANGE_LOOP_ANALYSIS = YES;
				CLANG_WARN_STRICT_PROTOTYPES = YES;
				CLANG_WARN_SUSPICIOUS_MOVE = YES;
				CLANG_WARN_UNGUARDED_AVAILABILITY = YES_AGGRESSIVE;
				CLANG_WARN_UNREACHABLE_CODE = YES;
				CLANG_WARN__DUPLICATE_METHOD_MATCH = YES;
				COPY_PHASE_STRIP = NO;
				DEBUG_INFORMATION_FORMAT = dwarf;
				ENABLE_STRICT_OBJC_MSGSEND = YES;
				ENABLE_TESTABILITY = YES;
				ENABLE_USER_SCRIPT_SANDBOXING = YES;
				GCC_C_LANGUAGE_STANDARD = gnu17;
				GCC_DYNAMIC_NO_PIC = NO;
				GCC_NO_COMMON_BLOCKS = YES;
				GCC_OPTIMIZATION_LEVEL = 0;
				GCC_PREPROCESSOR_DEFINITIONS = (
					"DEBUG=1",
					"$(inherited)",
				);
				GCC_WARN_64_TO_32_BIT_CONVERSION = YES;
				GCC_WARN_ABOUT_RETURN_TYPE = YES_ERROR;
				GCC_WARN_UNDECLARED_SELECTOR = YES;
				GCC_WARN_UNINITIALIZED_AUTOS = YES_AGGRESSIVE;
				GCC_WARN_UNUSED_FUNCTION = YES;
				GCC_WARN_UNUSED_VARIABLE = YES;
				IPHONEOS_DEPLOYMENT_TARGET = 18.5;
				LOCALIZATION_PREFERS_STRING_CATALOGS = YES;
				MTL_ENABLE_DEBUG_INFO = INCLUDE_SOURCE;
				MTL_FAST_MATH = YES;
				ONLY_ACTIVE_ARCH = YES;
				SDKROOT = iphoneos;
				SWIFT_ACTIVE_COMPILATION_CONDITIONS = "DEBUG $(inherited)";
				SWIFT_OPTIMIZATION_LEVEL = "-Onone";
			};
			name = Debug;
		};
		B95923E82E477BE000A00B07 /* Release */ = {
			isa = XCBuildConfiguration;
			buildSettings = {
				ALWAYS_SEARCH_USER_PATHS = NO;
				ASSETCATALOG_COMPILER_GENERATE_SWIFT_ASSET_SYMBOL_EXTENSIONS = YES;
				CLANG_ANALYZER_NONNULL = YES;
				CLANG_ANALYZER_NUMBER_OBJECT_CONVERSION = YES_AGGRESSIVE;
				CLANG_CXX_LANGUAGE_STANDARD = "gnu++20";
				CLANG_ENABLE_MODULES = YES;
				CLANG_ENABLE_OBJC_ARC = YES;
				CLANG_ENABLE_OBJC_WEAK = YES;
				CLANG_WARN_BLOCK_CAPTURE_AUTORELEASING = YES;
				CLANG_WARN_BOOL_CONVERSION = YES;
				CLANG_WARN_COMMA = YES;
				CLANG_WARN_CONSTANT_CONVERSION = YES;
				CLANG_WARN_DEPRECATED_OBJC_IMPLEMENTATIONS = YES;
				CLANG_WARN_DIRECT_OBJC_ISA_USAGE = YES_ERROR;
				CLANG_WARN_DOCUMENTATION_COMMENTS = YES;
				CLANG_WARN_EMPTY_BODY = YES;
				CLANG_WARN_ENUM_CONVERSION = YES;
				CLANG_WARN_INFINITE_RECURSION = YES;
				CLANG_WARN_INT_CONVERSION = YES;
				CLANG_WARN_NON_LITERAL_NULL_CONVERSION = YES;
				CLANG_WARN_OBJC_IMPLICIT_RETAIN_SELF = YES;
				CLANG_WARN_OBJC_LITERAL_CONVERSION = YES;
				CLANG_WARN_OBJC_ROOT_CLASS = YES_ERROR;
				CLANG_WARN_QUOTED_INCLUDE_IN_FRAMEWORK_HEADER = YES;
				CLANG_WARN_RANGE_LOOP_ANALYSIS = YES;
				CLANG_WARN_STRICT_PROTOTYPES = YES;
				CLANG_WARN_SUSPICIOUS_MOVE = YES;
				CLANG_WARN_UNGUARDED_AVAILABILITY = YES_AGGRESSIVE;
				CLANG_WARN_UNREACHABLE_CODE = YES;
				CLANG_WARN__DUPLICATE_METHOD_MATCH = YES;
				COPY_PHASE_STRIP = NO;
				DEBUG_INFORMATION_FORMAT = "dwarf-with-dsym";
				ENABLE_NS_ASSERTIONS = NO;
				ENABLE_STRICT_OBJC_MSGSEND = YES;
				ENABLE_USER_SCRIPT_SANDBOXING = YES;
				GCC_C_LANGUAGE_STANDARD = gnu17;
				GCC_NO_COMMON_BLOCKS = YES;
				GCC_WARN_64_TO_32_BIT_CONVERSION = YES;
				GCC_WARN_ABOUT_RETURN_TYPE = YES_ERROR;
				GCC_WARN_UNDECLARED_SELECTOR = YES;
				GCC_WARN_UNINITIALIZED_AUTOS = YES_AGGRESSIVE;
				GCC_WARN_UNUSED_FUNCTION = YES;
				GCC_WARN_UNUSED_VARIABLE = YES;
				IPHONEOS_DEPLOYMENT_TARGET = 18.5;
				LOCALIZATION_PREFERS_STRING_CATALOGS = YES;
				MTL_ENABLE_DEBUG_INFO = NO;
				MTL_FAST_MATH = YES;
				SDKROOT = iphoneos;
				SWIFT_COMPILATION_MODE = wholemodule;
				VALIDATE_PRODUCT = YES;
			};
			name = Release;
		};
		B95923EA2E477BE000A00B07 /* Debug */ = {
			isa = XCBuildConfiguration;
			buildSettings = {
				ASSETCATALOG_COMPILER_APPICON_NAME = AppIcon;
				ASSETCATALOG_COMPILER_GLOBAL_ACCENT_COLOR_NAME = AccentColor;
				CODE_SIGN_STYLE = Automatic;
				CURRENT_PROJECT_VERSION = 1;
				ENABLE_PREVIEWS = YES;
				GENERATE_INFOPLIST_FILE = YES;
				INFOPLIST_KEY_UIApplicationSceneManifest_Generation = YES;
				INFOPLIST_KEY_UIApplicationSupportsIndirectInputEvents = YES;
				INFOPLIST_KEY_UILaunchScreen_Generation = YES;
				INFOPLIST_KEY_UISupportedInterfaceOrientations_iPad = "UIInterfaceOrientationPortrait UIInterfaceOrientationPortraitUpsideDown UIInterfaceOrientationLandscapeLeft UIInterfaceOrientationLandscapeRight";
				INFOPLIST_KEY_UISupportedInterfaceOrientations_iPhone = "UIInterfaceOrientationPortrait UIInterfaceOrientationLandscapeLeft UIInterfaceOrientationLandscapeRight";
				LD_RUNPATH_SEARCH_PATHS = (
					"$(inherited)",
					"@executable_path/Frameworks",
				);
				MARKETING_VERSION = 1.0;
				PRODUCT_BUNDLE_IDENTIFIER = mycompany.com.zentoFinApp;
				PRODUCT_NAME = "$(TARGET_NAME)";
				SWIFT_EMIT_LOC_STRINGS = YES;
				SWIFT_VERSION = 5.0;
				TARGETED_DEVICE_FAMILY = "1,2";
			};
			name = Debug;
		};
		B95923EB2E477BE000A00B07 /* Release */ = {
			isa = XCBuildConfiguration;
			buildSettings = {
				ASSETCATALOG_COMPILER_APPICON_NAME = AppIcon;
				ASSETCATALOG_COMPILER_GLOBAL_ACCENT_COLOR_NAME = AccentColor;
				CODE_SIGN_STYLE = Automatic;
				CURRENT_PROJECT_VERSION = 1;
				ENABLE_PREVIEWS = YES;
				GENERATE_INFOPLIST_FILE = YES;
				INFOPLIST_KEY_UIApplicationSceneManifest_Generation = YES;
				INFOPLIST_KEY_UIApplicationSupportsIndirectInputEvents = YES;
				INFOPLIST_KEY_UILaunchScreen_Generation = YES;
				INFOPLIST_KEY_UISupportedInterfaceOrientations_iPad = "UIInterfaceOrientationPortrait UIInterfaceOrientationPortraitUpsideDown UIInterfaceOrientationLandscapeLeft UIInterfaceOrientationLandscapeRight";
				INFOPLIST_KEY_UISupportedInterfaceOrientations_iPhone = "UIInterfaceOrientationPortrait UIInterfaceOrientationLandscapeLeft UIInterfaceOrientationLandscapeRight";
				LD_RUNPATH_SEARCH_PATHS = (
					"$(inherited)",
					"@executable_path/Frameworks",
				);
				MARKETING_VERSION = 1.0;
				PRODUCT_BUNDLE_IDENTIFIER = mycompany.com.zentoFinApp;
				PRODUCT_NAME = "$(TARGET_NAME)";
				SWIFT_EMIT_LOC_STRINGS = YES;
				SWIFT_VERSION = 5.0;
				TARGETED_DEVICE_FAMILY = "1,2";
			};
			name = Release;
		};
		B95923ED2E477BE000A00B07 /* Debug */ = {
			isa = XCBuildConfiguration;
			buildSettings = {
				BUNDLE_LOADER = "$(TEST_HOST)";
				CODE_SIGN_STYLE = Automatic;
				CURRENT_PROJECT_VERSION = 1;
				GENERATE_INFOPLIST_FILE = YES;
				IPHONEOS_DEPLOYMENT_TARGET = 18.5;
				MARKETING_VERSION = 1.0;
				PRODUCT_BUNDLE_IDENTIFIER = mycompany.com.zentoFinAppTests;
				PRODUCT_NAME = "$(TARGET_NAME)";
				SWIFT_EMIT_LOC_STRINGS = NO;
				SWIFT_VERSION = 5.0;
				TARGETED_DEVICE_FAMILY = "1,2";
				TEST_HOST = "$(BUILT_PRODUCTS_DIR)/zentoFinApp.app/$(BUNDLE_EXECUTABLE_FOLDER_PATH)/zentoFinApp";
			};
			name = Debug;
		};
		B95923EE2E477BE000A00B07 /* Release */ = {
			isa = XCBuildConfiguration;
			buildSettings = {
				BUNDLE_LOADER = "$(TEST_HOST)";
				CODE_SIGN_STYLE = Automatic;
				CURRENT_PROJECT_VERSION = 1;
				GENERATE_INFOPLIST_FILE = YES;
				IPHONEOS_DEPLOYMENT_TARGET = 18.5;
				MARKETING_VERSION = 1.0;
				PRODUCT_BUNDLE_IDENTIFIER = mycompany.com.zentoFinAppTests;
				PRODUCT_NAME = "$(TARGET_NAME)";
				SWIFT_EMIT_LOC_STRINGS = NO;
				SWIFT_VERSION = 5.0;
				TARGETED_DEVICE_FAMILY = "1,2";
				TEST_HOST = "$(BUILT_PRODUCTS_DIR)/zentoFinApp.app/$(BUNDLE_EXECUTABLE_FOLDER_PATH)/zentoFinApp";
			};
			name = Release;
		};
		B95923F02E477BE000A00B07 /* Debug */ = {
			isa = XCBuildConfiguration;
			buildSettings = {
				CODE_SIGN_STYLE = Automatic;
				CURRENT_PROJECT_VERSION = 1;
				GENERATE_INFOPLIST_FILE = YES;
				MARKETING_VERSION = 1.0;
				PRODUCT_BUNDLE_IDENTIFIER = mycompany.com.zentoFinAppUITests;
				PRODUCT_NAME = "$(TARGET_NAME)";
				SWIFT_EMIT_LOC_STRINGS = NO;
				SWIFT_VERSION = 5.0;
				TARGETED_DEVICE_FAMILY = "1,2";
				TEST_TARGET_NAME = zentoFinApp;
			};
			name = Debug;
		};
		B95923F12E477BE000A00B07 /* Release */ = {
			isa = XCBuildConfiguration;
			buildSettings = {
				CODE_SIGN_STYLE = Automatic;
				CURRENT_PROJECT_VERSION = 1;
				GENERATE_INFOPLIST_FILE = YES;
				MARKETING_VERSION = 1.0;
				PRODUCT_BUNDLE_IDENTIFIER = mycompany.com.zentoFinAppUITests;
				PRODUCT_NAME = "$(TARGET_NAME)";
				SWIFT_EMIT_LOC_STRINGS = NO;
				SWIFT_VERSION = 5.0;
				TARGETED_DEVICE_FAMILY = "1,2";
				TEST_TARGET_NAME = zentoFinApp;
			};
			name = Release;
		};
/* End XCBuildConfiguration section */

/* Begin XCConfigurationList section */
		B95923C32E477BDB00A00B07 /* Build configuration list for PBXProject "zentoFinApp" */ = {
			isa = XCConfigurationList;
			buildConfigurations = (
				B95923E72E477BE000A00B07 /* Debug */,
				B95923E82E477BE000A00B07 /* Release */,
			);
			defaultConfigurationIsVisible = 0;
			defaultConfigurationName = Release;
		};
		B95923E92E477BE000A00B07 /* Build configuration list for PBXNativeTarget "zentoFinApp" */ = {
			isa = XCConfigurationList;
			buildConfigurations = (
				B95923EA2E477BE000A00B07 /* Debug */,
				B95923EB2E477BE000A00B07 /* Release */,
			);
			defaultConfigurationIsVisible = 0;
			defaultConfigurationName = Release;
		};
		B95923EC2E477BE000A00B07 /* Build configuration list for PBXNativeTarget "zentoFinAppTests" */ = {
			isa = XCConfigurationList;
			buildConfigurations = (
				B95923ED2E477BE000A00B07 /* Debug */,
				B95923EE2E477BE000A00B07 /* Release */,
			);
			defaultConfigurationIsVisible = 0;
			defaultConfigurationName = Release;
		};
		B95923EF2E477BE000A00B07 /* Build configuration list for PBXNativeTarget "zentoFinAppUITests" */ = {
			isa = XCConfigurationList;
			buildConfigurations = (
				B95923F02E477BE000A00B07 /* Debug */,
				B95923F12E477BE000A00B07 /* Release */,
			);
			defaultConfigurationIsVisible = 0;
			defaultConfigurationName = Release;
		};
/* End XCConfigurationList section */
	};
	rootObject = B95923C02E477BDB00A00B07 /* Project object */;
}
